
Microsoft Visual Studio Solution File, Format Version 12.00
# Visual Studio Version 16
VisualStudioVersion = 16.0.29403.142
MinimumVisualStudioVersion = 10.0.40219.1
Project("{FAE04EC0-301F-11D3-BF4B-00C04F79EFBC}") = "ARSWpfApp", "ARSWpfApp\ARSWpfApp.csproj", "{B8B65599-FCB6-4B05-8506-3FA5F8AC2E30}"
EndProject
Project("{2150E333-8FDC-42A3-9474-1A3956D46DE8}") = "Solution Items", "Solution Items", "{C3DBDB1E-429D-4DD7-BDCC-AC30814DEF6D}"
EndProject
Global
	GlobalSection(SolutionConfigurationPlatforms) = preSolution
		Debug|Any CPU = Debug|Any CPU
		Release|Any CPU = Release|Any CPU
	EndGlobalSection
	GlobalSection(ProjectConfigurationPlatforms) = postSolution
		{B8B65599-FCB6-4B05-8506-3FA5F8AC2E30}.Debug|Any CPU.ActiveCfg = Debug|Any CPU
		{B8B65599-FCB6-4B05-8506-3FA5F8AC2E30}.Debug|Any CPU.Build.0 = Debug|Any CPU
		{B8B65599-FCB6-4B05-8506-3FA5F8AC2E30}.Release|Any CPU.ActiveCfg = Release|Any CPU
		{B8B65599-FCB6-4B05-8506-3FA5F8AC2E30}.Release|Any CPU.Build.0 = Release|Any CPU
	EndGlobalSection
	GlobalSection(SolutionProperties) = preSolution
		HideSolutionNode = FALSE
	EndGlobalSection
	GlobalSection(ExtensibilityGlobals) = postSolution
		SolutionGuid = {7DAF18F0-CB44-4EF8-9F7D-024D5C34161E}
	EndGlobalSection
EndGlobal
